
Microsoft Visual Studio Solution File, Format Version 12.00
# Visual Studio Version 17
VisualStudioVersion = 17.3.32901.215
MinimumVisualStudioVersion = 10.0.40219.1
Project("{FAE04EC0-301F-11D3-BF4B-00C04F79EFBC}") = "AdisyonBilgiSistemi(ABS)", "AdisyonBilgiSistemi(ABS)\AdisyonBilgiSistemi(ABS).csproj", "{2E14B782-4B88-4AAD-96A0-EE3E10325C7D}"
EndProject
Global
	GlobalSection(SolutionConfigurationPlatforms) = preSolution
		Debug|Any CPU = Debug|Any CPU
		Release|Any CPU = Release|Any CPU
	EndGlobalSection
	GlobalSection(ProjectConfigurationPlatforms) = postSolution
		{2E14B782-4B88-4AAD-96A0-EE3E10325C7D}.Debug|Any CPU.ActiveCfg = Debug|Any CPU
		{2E14B782-4B88-4AAD-96A0-EE3E10325C7D}.Debug|Any CPU.Build.0 = Debug|Any CPU
		{2E14B782-4B88-4AAD-96A0-EE3E10325C7D}.Release|Any CPU.ActiveCfg = Release|Any CPU
		{2E14B782-4B88-4AAD-96A0-EE3E10325C7D}.Release|Any CPU.Build.0 = Release|Any CPU
	EndGlobalSection
	GlobalSection(SolutionProperties) = preSolution
		HideSolutionNode = FALSE
	EndGlobalSection
	GlobalSection(ExtensibilityGlobals) = postSolution
		SolutionGuid = {5ACB3E62-BCA3-4992-BE74-CC35EB4D21AB}
	EndGlobalSection
EndGlobal
